// !$*UTF8*$!
{
	archiveVersion = 1;
	classes = {
	};
	objectVersion = 46;
	objects = {

/* Begin PBXBuildFile section */
		BA4D22A61A1117D4007F01C4 /* main.c in Sources */ = {isa = PBXBuildFile; fileRef = BA4D22A51A1117D4007F01C4 /* main.c */; };
		BA4D22AF1A1117ED007F01C4 /* FileIO.c in Sources */ = {isa = PBXBuildFile; fileRef = BA4D22AE1A1117ED007F01C4 /* FileIO.c */; };
/* End PBXBuildFile section */

/* Begin PBXCopyFilesBuildPhase section */
		BA4D22A01A1117D3007F01C4 /* CopyFiles */ = {
			isa = PBXCopyFilesBuildPhase;
			buildActionMask = 2147483647;
			dstPath = /usr/share/man/man1/;
			dstSubfolderSpec = 0;
			files = (
			);
			runOnlyForDeploymentPostprocessing = 1;
		};
/* End PBXCopyFilesBuildPhase section */

/* Begin PBXFileReference section */
		BA4D22A21A1117D3007F01C4 /* VirtualMemorySimulator */ = {isa = PBXFileReference; explicitFileType = "compiled.mach-o.executable"; includeInIndex = 0; path = VirtualMemorySimulator; sourceTree = BUILT_PRODUCTS_DIR; };
		BA4D22A51A1117D4007F01C4 /* main.c */ = {isa = PBXFileReference; lastKnownFileType = sourcecode.c.c; path = main.c; sourceTree = "<group>"; };
		BA4D22AE1A1117ED007F01C4 /* FileIO.c */ = {isa = PBXFileReference; fileEncoding = 4; lastKnownFileType = sourcecode.c.c; path = FileIO.c; sourceTree = "<group>"; };
		BAF324081A119DE20053054F /* trace.txt */ = {isa = PBXFileReference; fileEncoding = 4; lastKnownFileType = text; path = trace.txt; sourceTree = "<group>"; };
		BAF3240A1A11A1A60053054F /* FileIO.h */ = {isa = PBXFileReference; lastKnownFileType = sourcecode.c.h; path = FileIO.h; sourceTree = "<group>"; };
		BAF3240B1A11BC860053054F /* Structures.h */ = {isa = PBXFileReference; lastKnownFileType = sourcecode.c.h; path = Structures.h; sourceTree = "<group>"; };
/* End PBXFileReference section */

/* Begin PBXFrameworksBuildPhase section */
		BA4D229F1A1117D3007F01C4 /* Frameworks */ = {
			isa = PBXFrameworksBuildPhase;
			buildActionMask = 2147483647;
			files = (
			);
			runOnlyForDeploymentPostprocessing = 0;
		};
/* End PBXFrameworksBuildPhase section */

/* Begin PBXGroup section */
		BA4D22991A1117D3007F01C4 = {
			isa = PBXGroup;
			children = (
				BA4D22A41A1117D3007F01C4 /* VirtualMemorySimulator */,
				BA4D22A31A1117D3007F01C4 /* Products */,
			);
			sourceTree = "<group>";
		};
		BA4D22A31A1117D3007F01C4 /* Products */ = {
			isa = PBXGroup;
			children = (
				BA4D22A21A1117D3007F01C4 /* VirtualMemorySimulator */,
			);
			name = Products;
			sourceTree = "<group>";
		};
		BA4D22A41A1117D3007F01C4 /* VirtualMemorySimulator */ = {
			isa = PBXGroup;
			children = (
				BAF324081A119DE20053054F /* trace.txt */,
				BA4D22A51A1117D4007F01C4 /* main.c */,
				BAF3240A1A11A1A60053054F /* FileIO.h */,
				BA4D22AE1A1117ED007F01C4 /* FileIO.c */,
				BAF3240B1A11BC860053054F /* Structures.h */,
			);
			path = VirtualMemorySimulator;
			sourceTree = "<group>";
		};
/* End PBXGroup section */

/* Begin PBXNativeTarget section */
		BA4D22A11A1117D3007F01C4 /* VirtualMemorySimulator */ = {
			isa = PBXNativeTarget;
			buildConfigurationList = BA4D22AB1A1117D4007F01C4 /* Build configuration list for PBXNativeTarget "VirtualMemorySimulator" */;
			buildPhases = (
				BA4D229E1A1117D3007F01C4 /* Sources */,
				BA4D229F1A1117D3007F01C4 /* Frameworks */,
				BA4D22A01A1117D3007F01C4 /* CopyFiles */,
			);
			buildRules = (
			);
			dependencies = (
			);
			name = VirtualMemorySimulator;
			productName = VirtualMemorySimulator;
			productReference = BA4D22A21A1117D3007F01C4 /* VirtualMemorySimulator */;
			productType = "com.apple.product-type.tool";
		};
/* End PBXNativeTarget section */

/* Begin PBXProject section */
		BA4D229A1A1117D3007F01C4 /* Project object */ = {
			isa = PBXProject;
			attributes = {
				LastUpgradeCheck = 0510;
				ORGANIZATIONNAME = "Umbrella Corporation";
			};
			buildConfigurationList = BA4D229D1A1117D3007F01C4 /* Build configuration list for PBXProject "VirtualMemorySimulator" */;
			compatibilityVersion = "Xcode 3.2";
			developmentRegion = English;
			hasScannedForEncodings = 0;
			knownRegions = (
				en,
			);
			mainGroup = BA4D22991A1117D3007F01C4;
			productRefGroup = BA4D22A31A1117D3007F01C4 /* Products */;
			projectDirPath = "";
			projectRoot = "";
			targets = (
				BA4D22A11A1117D3007F01C4 /* VirtualMemorySimulator */,
			);
		};
/* End PBXProject section */

/* Begin PBXSourcesBuildPhase section */
		BA4D229E1A1117D3007F01C4 /* Sources */ = {
			isa = PBXSourcesBuildPhase;
			buildActionMask = 2147483647;
			files = (
				BA4D22A61A1117D4007F01C4 /* main.c in Sources */,
				BA4D22AF1A1117ED007F01C4 /* FileIO.c in Sources */,
			);
			runOnlyForDeploymentPostprocessing = 0;
		};
/* End PBXSourcesBuildPhase section */

/* Begin XCBuildConfiguration section */
		BA4D22A91A1117D4007F01C4 /* Debug */ = {
			isa = XCBuildConfiguration;
			buildSettings = {
				ALWAYS_SEARCH_USER_PATHS = NO;
				CLANG_CXX_LANGUAGE_STANDARD = "gnu++0x";
				CLANG_CXX_LIBRARY = "libc++";
				CLANG_ENABLE_MODULES = YES;
				CLANG_ENABLE_OBJC_ARC = YES;
				CLANG_WARN_BOOL_CONVERSION = YES;
				CLANG_WARN_CONSTANT_CONVERSION = YES;
				CLANG_WARN_DIRECT_OBJC_ISA_USAGE = YES_ERROR;
				CLANG_WARN_EMPTY_BODY = YES;
				CLANG_WARN_ENUM_CONVERSION = YES;
				CLANG_WARN_INT_CONVERSION = YES;
				CLANG_WARN_OBJC_ROOT_CLASS = YES_ERROR;
				CLANG_WARN__DUPLICATE_METHOD_MATCH = YES;
				COPY_PHASE_STRIP = NO;
				GCC_C_LANGUAGE_STANDARD = gnu99;
				GCC_DYNAMIC_NO_PIC = NO;
				GCC_ENABLE_OBJC_EXCEPTIONS = YES;
				GCC_OPTIMIZATION_LEVEL = 0;
				GCC_PREPROCESSOR_DEFINITIONS = (
					"DEBUG=1",
					"$(inherited)",
				);
				GCC_SYMBOLS_PRIVATE_EXTERN = NO;
				GCC_WARN_64_TO_32_BIT_CONVERSION = YES;
				GCC_WARN_ABOUT_RETURN_TYPE = YES_ERROR;
				GCC_WARN_UNDECLARED_SELECTOR = YES;
				GCC_WARN_UNINITIALIZED_AUTOS = YES_AGGRESSIVE;
				GCC_WARN_UNUSED_FUNCTION = YES;
				GCC_WARN_UNUSED_VARIABLE = YES;
				MACOSX_DEPLOYMENT_TARGET = 10.8;
				ONLY_ACTIVE_ARCH = YES;
				SDKROOT = macosx;
			};
			name = Debug;
		};
		BA4D22AA1A1117D4007F01C4 /* Release */ = {
			isa = XCBuildConfiguration;
			buildSettings = {
				ALWAYS_SEARCH_USER_PATHS = NO;
				CLANG_CXX_LANGUAGE_STANDARD = "gnu++0x";
				CLANG_CXX_LIBRARY = "libc++";
				CLANG_ENABLE_MODULES = YES;
				CLANG_ENABLE_OBJC_ARC = YES;
				CLANG_WARN_BOOL_CONVERSION = YES;
				CLANG_WARN_CONSTANT_CONVERSION = YES;
				CLANG_WARN_DIRECT_OBJC_ISA_USAGE = YES_ERROR;
				CLANG_WARN_EMPTY_BODY = YES;
				CLANG_WARN_ENUM_CONVERSION = YES;
				CLANG_WARN_INT_CONVERSION = YES;
				CLANG_WARN_OBJC_ROOT_CLASS = YES_ERROR;
				CLANG_WARN__DUPLICATE_METHOD_MATCH = YES;
				COPY_PHASE_STRIP = YES;
				DEBUG_INFORMATION_FORMAT = "dwarf-with-dsym";
				ENABLE_NS_ASSERTIONS = NO;
				GCC_C_LANGUAGE_STANDARD = gnu99;
				GCC_ENABLE_OBJC_EXCEPTIONS = YES;
				GCC_WARN_64_TO_32_BIT_CONVERSION = YES;
				GCC_WARN_ABOUT_RETURN_TYPE = YES_ERROR;
				GCC_WARN_UNDECLARED_SELECTOR = YES;
				GCC_WARN_UNINITIALIZED_AUTOS = YES_AGGRESSIVE;
				GCC_WARN_UNUSED_FUNCTION = YES;
				GCC_WARN_UNUSED_VARIABLE = YES;
				MACOSX_DEPLOYMENT_TARGET = 10.8;
				SDKROOT = macosx;
			};
			name = Release;
		};
		BA4D22AC1A1117D4007F01C4 /* Debug */ = {
			isa = XCBuildConfiguration;
			buildSettings = {
				PRODUCT_NAME = "$(TARGET_NAME)";
			};
			name = Debug;
		};
		BA4D22AD1A1117D4007F01C4 /* Release */ = {
			isa = XCBuildConfiguration;
			buildSettings = {
				PRODUCT_NAME = "$(TARGET_NAME)";
			};
			name = Release;
		};
/* End XCBuildConfiguration section */

/* Begin XCConfigurationList section */
		BA4D229D1A1117D3007F01C4 /* Build configuration list for PBXProject "VirtualMemorySimulator" */ = {
			isa = XCConfigurationList;
			buildConfigurations = (
				BA4D22A91A1117D4007F01C4 /* Debug */,
				BA4D22AA1A1117D4007F01C4 /* Release */,
			);
			defaultConfigurationIsVisible = 0;
			defaultConfigurationName = Release;
		};
		BA4D22AB1A1117D4007F01C4 /* Build configuration list for PBXNativeTarget "VirtualMemorySimulator" */ = {
			isa = XCConfigurationList;
			buildConfigurations = (
				BA4D22AC1A1117D4007F01C4 /* Debug */,
				BA4D22AD1A1117D4007F01C4 /* Release */,
			);
			defaultConfigurationIsVisible = 0;
			defaultConfigurationName = Release;
		};
/* End XCConfigurationList section */
	};
	rootObject = BA4D229A1A1117D3007F01C4 /* Project object */;
}
